
Microsoft Visual Studio Solution File, Format Version 12.00
Project("{FAE04EC0-301F-11D3-BF4B-00C04F79EFBC}") = "NetCore.Lti", "NetCore.Lti\NetCore.Lti.csproj", "{8D84892E-ACDF-4F47-BC75-54841C6305B4}"
EndProject
Project("{FAE04EC0-301F-11D3-BF4B-00C04F79EFBC}") = "NetCore.Lti.AspNetCore", "NetCore.Lti.AspNetCore\NetCore.Lti.AspNetCore.csproj", "{1BEF89DB-2F50-46AA-BBDF-6730805A706F}"
EndProject
Project("{FAE04EC0-301F-11D3-BF4B-00C04F79EFBC}") = "NetCore.Lti.EntityFrameworkCore", "NetCore.Lti.EntityFrameworkCore\NetCore.Lti.EntityFrameworkCore.csproj", "{08AEBAEF-9B3A-4414-9D8E-1764A51BB61A}"
EndProject
Global
	GlobalSection(SolutionConfigurationPlatforms) = preSolution
		Debug|Any CPU = Debug|Any CPU
		Release|Any CPU = Release|Any CPU
	EndGlobalSection
	GlobalSection(ProjectConfigurationPlatforms) = postSolution
		{8D84892E-ACDF-4F47-BC75-54841C6305B4}.Debug|Any CPU.ActiveCfg = Debug|Any CPU
		{8D84892E-ACDF-4F47-BC75-54841C6305B4}.Debug|Any CPU.Build.0 = Debug|Any CPU
		{8D84892E-ACDF-4F47-BC75-54841C6305B4}.Release|Any CPU.ActiveCfg = Release|Any CPU
		{8D84892E-ACDF-4F47-BC75-54841C6305B4}.Release|Any CPU.Build.0 = Release|Any CPU
		{1BEF89DB-2F50-46AA-BBDF-6730805A706F}.Debug|Any CPU.ActiveCfg = Debug|Any CPU
		{1BEF89DB-2F50-46AA-BBDF-6730805A706F}.Debug|Any CPU.Build.0 = Debug|Any CPU
		{1BEF89DB-2F50-46AA-BBDF-6730805A706F}.Release|Any CPU.ActiveCfg = Release|Any CPU
		{1BEF89DB-2F50-46AA-BBDF-6730805A706F}.Release|Any CPU.Build.0 = Release|Any CPU
		{08AEBAEF-9B3A-4414-9D8E-1764A51BB61A}.Debug|Any CPU.ActiveCfg = Debug|Any CPU
		{08AEBAEF-9B3A-4414-9D8E-1764A51BB61A}.Debug|Any CPU.Build.0 = Debug|Any CPU
		{08AEBAEF-9B3A-4414-9D8E-1764A51BB61A}.Release|Any CPU.ActiveCfg = Release|Any CPU
		{08AEBAEF-9B3A-4414-9D8E-1764A51BB61A}.Release|Any CPU.Build.0 = Release|Any CPU
	EndGlobalSection
EndGlobal
