
Microsoft Visual Studio Solution File, Format Version 12.00
Project("{FAE04EC0-301F-11D3-BF4B-00C04F79EFBC}") = "Tpcly.Lti", "Tpcly.Lti\Tpcly.Lti.csproj", "{8D84892E-ACDF-4F47-BC75-54841C6305B4}"
EndProject
Project("{FAE04EC0-301F-11D3-BF4B-00C04F79EFBC}") = "Tpcly.Lti.ToolProvider", "Tpcly.Lti.ToolProvider\Tpcly.Lti.ToolProvider.csproj", "{1BEF89DB-2F50-46AA-BBDF-6730805A706F}"
EndProject
Project("{FAE04EC0-301F-11D3-BF4B-00C04F79EFBC}") = "Tpcly.Lti.EntityFrameworkCore", "Tpcly.Lti.EntityFrameworkCore\Tpcly.Lti.EntityFrameworkCore.csproj", "{08AEBAEF-9B3A-4414-9D8E-1764A51BB61A}"
EndProject
Project("{2150E333-8FDC-42A3-9474-1A3956D46DE8}") = "Samples", "Samples", "{40193AAB-53A3-4BBB-8937-98B09C2C6A55}"
EndProject
Project("{FAE04EC0-301F-11D3-BF4B-00C04F79EFBC}") = "Tpcly.Lti.Canvas", "Tpcly.Lti.Canvas\Tpcly.Lti.Canvas.csproj", "{17210C59-68F9-4A9E-BC9D-86F2A8577BC6}"
EndProject
Project("{FAE04EC0-301F-11D3-BF4B-00C04F79EFBC}") = "Tpcly.Lti.Samples.WebApi", "Tpcly.Lti.Samples.WebApi\Tpcly.Lti.Samples.WebApi.csproj", "{8FDDD7B1-AF67-4ACA-B784-46A591B99E99}"
EndProject
Global
	GlobalSection(SolutionConfigurationPlatforms) = preSolution
		Debug|Any CPU = Debug|Any CPU
		Release|Any CPU = Release|Any CPU
	EndGlobalSection
	GlobalSection(ProjectConfigurationPlatforms) = postSolution
		{8D84892E-ACDF-4F47-BC75-54841C6305B4}.Debug|Any CPU.ActiveCfg = Debug|Any CPU
		{8D84892E-ACDF-4F47-BC75-54841C6305B4}.Debug|Any CPU.Build.0 = Debug|Any CPU
		{8D84892E-ACDF-4F47-BC75-54841C6305B4}.Release|Any CPU.ActiveCfg = Release|Any CPU
		{8D84892E-ACDF-4F47-BC75-54841C6305B4}.Release|Any CPU.Build.0 = Release|Any CPU
		{1BEF89DB-2F50-46AA-BBDF-6730805A706F}.Debug|Any CPU.ActiveCfg = Debug|Any CPU
		{1BEF89DB-2F50-46AA-BBDF-6730805A706F}.Debug|Any CPU.Build.0 = Debug|Any CPU
		{1BEF89DB-2F50-46AA-BBDF-6730805A706F}.Release|Any CPU.ActiveCfg = Release|Any CPU
		{1BEF89DB-2F50-46AA-BBDF-6730805A706F}.Release|Any CPU.Build.0 = Release|Any CPU
		{08AEBAEF-9B3A-4414-9D8E-1764A51BB61A}.Debug|Any CPU.ActiveCfg = Debug|Any CPU
		{08AEBAEF-9B3A-4414-9D8E-1764A51BB61A}.Debug|Any CPU.Build.0 = Debug|Any CPU
		{08AEBAEF-9B3A-4414-9D8E-1764A51BB61A}.Release|Any CPU.ActiveCfg = Release|Any CPU
		{08AEBAEF-9B3A-4414-9D8E-1764A51BB61A}.Release|Any CPU.Build.0 = Release|Any CPU
		{17210C59-68F9-4A9E-BC9D-86F2A8577BC6}.Debug|Any CPU.ActiveCfg = Debug|Any CPU
		{17210C59-68F9-4A9E-BC9D-86F2A8577BC6}.Debug|Any CPU.Build.0 = Debug|Any CPU
		{17210C59-68F9-4A9E-BC9D-86F2A8577BC6}.Release|Any CPU.ActiveCfg = Release|Any CPU
		{17210C59-68F9-4A9E-BC9D-86F2A8577BC6}.Release|Any CPU.Build.0 = Release|Any CPU
		{8FDDD7B1-AF67-4ACA-B784-46A591B99E99}.Debug|Any CPU.ActiveCfg = Debug|Any CPU
		{8FDDD7B1-AF67-4ACA-B784-46A591B99E99}.Debug|Any CPU.Build.0 = Debug|Any CPU
		{8FDDD7B1-AF67-4ACA-B784-46A591B99E99}.Release|Any CPU.ActiveCfg = Release|Any CPU
		{8FDDD7B1-AF67-4ACA-B784-46A591B99E99}.Release|Any CPU.Build.0 = Release|Any CPU
	EndGlobalSection
	GlobalSection(NestedProjects) = preSolution
		{8FDDD7B1-AF67-4ACA-B784-46A591B99E99} = {40193AAB-53A3-4BBB-8937-98B09C2C6A55}
	EndGlobalSection
EndGlobal
